
Microsoft Visual Studio Solution File, Format Version 12.00
# Visual Studio Version 16
VisualStudioVersion = 16.0.29613.14
MinimumVisualStudioVersion = 10.0.40219.1
Project("{FAE04EC0-301F-11D3-BF4B-00C04F79EFBC}") = "WebEnviarVariosArquivosImagens", "WebEnviarVariosArquivosImagens\WebEnviarVariosArquivosImagens.csproj", "{FA3C73B7-EC33-49ED-B1C3-CADBD7660A23}"
EndProject
Global
	GlobalSection(SolutionConfigurationPlatforms) = preSolution
		Debug|Any CPU = Debug|Any CPU
		Release|Any CPU = Release|Any CPU
	EndGlobalSection
	GlobalSection(ProjectConfigurationPlatforms) = postSolution
		{FA3C73B7-EC33-49ED-B1C3-CADBD7660A23}.Debug|Any CPU.ActiveCfg = Debug|Any CPU
		{FA3C73B7-EC33-49ED-B1C3-CADBD7660A23}.Debug|Any CPU.Build.0 = Debug|Any CPU
		{FA3C73B7-EC33-49ED-B1C3-CADBD7660A23}.Release|Any CPU.ActiveCfg = Release|Any CPU
		{FA3C73B7-EC33-49ED-B1C3-CADBD7660A23}.Release|Any CPU.Build.0 = Release|Any CPU
	EndGlobalSection
	GlobalSection(SolutionProperties) = preSolution
		HideSolutionNode = FALSE
	EndGlobalSection
	GlobalSection(ExtensibilityGlobals) = postSolution
		SolutionGuid = {342D827A-7B69-4A46-BD84-AD846B27449D}
	EndGlobalSection
EndGlobal
